
Microsoft Visual Studio Solution File, Format Version 12.00
# Visual Studio 15
VisualStudioVersion = 15.0.27004.2005
MinimumVisualStudioVersion = 10.0.40219.1
Project("{FAE04EC0-301F-11D3-BF4B-00C04F79EFBC}") = "GeneticAlgorithm", "GeneticAlgorithm\GeneticAlgorithm.csproj", "{DF088D6D-0B64-429E-9D93-849CB1DD7202}"
EndProject
Global
	GlobalSection(SolutionConfigurationPlatforms) = preSolution
		Debug|Any CPU = Debug|Any CPU
		Release|Any CPU = Release|Any CPU
	EndGlobalSection
	GlobalSection(ProjectConfigurationPlatforms) = postSolution
		{DF088D6D-0B64-429E-9D93-849CB1DD7202}.Debug|Any CPU.ActiveCfg = Debug|Any CPU
		{DF088D6D-0B64-429E-9D93-849CB1DD7202}.Debug|Any CPU.Build.0 = Debug|Any CPU
		{DF088D6D-0B64-429E-9D93-849CB1DD7202}.Release|Any CPU.ActiveCfg = Release|Any CPU
		{DF088D6D-0B64-429E-9D93-849CB1DD7202}.Release|Any CPU.Build.0 = Release|Any CPU
	EndGlobalSection
	GlobalSection(SolutionProperties) = preSolution
		HideSolutionNode = FALSE
	EndGlobalSection
	GlobalSection(ExtensibilityGlobals) = postSolution
		SolutionGuid = {C9E8481C-D44A-44C8-87E4-0B4F18F77636}
	EndGlobalSection
EndGlobal
